{
  "name": "akashic-runtime-version-table",
  "version": "1.0.0",
  "lockfileVersion": 3,
  "requires": true,
  "packages": {
    "": {
      "name": "akashic-runtime-version-table",
      "version": "1.0.0",
      "license": "MIT",
      "devDependencies": {
        "semver-compare-cli": "^2.0.0"
      }
    },
    "node_modules/semver-compare": {
      "version": "1.0.0",
      "resolved": "https://registry.npmjs.org/semver-compare/-/semver-compare-1.0.0.tgz",
      "integrity": "sha512-YM3/ITh2MJ5MtzaM429anh+x2jiLVjqILF4m4oyQB18W7Ggea7BfqdH/wGMK7dDiMghv/6WG7znWMwUDzJiXow==",
      "dev": true,
      "license": "MIT"
    },
    "node_modules/semver-compare-cli": {
      "version": "2.0.0",
      "resolved": "https://registry.npmjs.org/semver-compare-cli/-/semver-compare-cli-2.0.0.tgz",
      "integrity": "sha512-EaBfryVUC6q5pr+sZi0CnbedpPigDWmOhL8p09f5csiPrOKI0FmJlr1I2pAcbfupMMEvYeZelA1Ig7lbyp8jhw==",
      "dev": true,
      "license": "MIT",
      "dependencies": {
        "semver-compare": "^1.0.0"
      },
      "bin": {
        "semver-compare": "cli.js"
      }
    }
  }
}
